// !$*UTF8*$!
{
	archiveVersion = 1;
	classes = {
	};
	objectVersion = 46;
	objects = {

/* Begin PBXBuildFile section */
		7E7FC7461F287387003917EA /* main.m in Sources */ = {isa = PBXBuildFile; fileRef = 7E7FC7451F287387003917EA /* main.m */; };
		7E7FC7491F287387003917EA /* AppDelegate.m in Sources */ = {isa = PBXBuildFile; fileRef = 7E7FC7481F287387003917EA /* AppDelegate.m */; };
		7E7FC74C1F287387003917EA /* ViewController.m in Sources */ = {isa = PBXBuildFile; fileRef = 7E7FC74B1F287387003917EA /* ViewController.m */; };
		7E7FC74F1F287387003917EA /* Main.storyboard in Resources */ = {isa = PBXBuildFile; fileRef = 7E7FC74D1F287387003917EA /* Main.storyboard */; };
		7E7FC7511F287387003917EA /* Assets.xcassets in Resources */ = {isa = PBXBuildFile; fileRef = 7E7FC7501F287387003917EA /* Assets.xcassets */; };
		7E7FC7541F287387003917EA /* LaunchScreen.storyboard in Resources */ = {isa = PBXBuildFile; fileRef = 7E7FC7521F287387003917EA /* LaunchScreen.storyboard */; };
		7E7FC75E1F2873C4003917EA /* XZFTableView.m in Sources */ = {isa = PBXBuildFile; fileRef = 7E7FC75D1F2873C4003917EA /* XZFTableView.m */; };
		7E7FC7621F288DF1003917EA /* ViewCell.m in Sources */ = {isa = PBXBuildFile; fileRef = 7E7FC7611F288DF1003917EA /* ViewCell.m */; };
		7E7FC7651F29FAC1003917EA /* MyTableViewCell.m in Sources */ = {isa = PBXBuildFile; fileRef = 7E7FC7641F29FAC1003917EA /* MyTableViewCell.m */; };
/* End PBXBuildFile section */

/* Begin PBXFileReference section */
		7E7FC7411F287387003917EA /* XZFTableView.app */ = {isa = PBXFileReference; explicitFileType = wrapper.application; includeInIndex = 0; path = XZFTableView.app; sourceTree = BUILT_PRODUCTS_DIR; };
		7E7FC7451F287387003917EA /* main.m */ = {isa = PBXFileReference; lastKnownFileType = sourcecode.c.objc; path = main.m; sourceTree = "<group>"; };
		7E7FC7471F287387003917EA /* AppDelegate.h */ = {isa = PBXFileReference; lastKnownFileType = sourcecode.c.h; path = AppDelegate.h; sourceTree = "<group>"; };
		7E7FC7481F287387003917EA /* AppDelegate.m */ = {isa = PBXFileReference; lastKnownFileType = sourcecode.c.objc; path = AppDelegate.m; sourceTree = "<group>"; };
		7E7FC74A1F287387003917EA /* ViewController.h */ = {isa = PBXFileReference; lastKnownFileType = sourcecode.c.h; path = ViewController.h; sourceTree = "<group>"; };
		7E7FC74B1F287387003917EA /* ViewController.m */ = {isa = PBXFileReference; lastKnownFileType = sourcecode.c.objc; path = ViewController.m; sourceTree = "<group>"; };
		7E7FC74E1F287387003917EA /* Base */ = {isa = PBXFileReference; lastKnownFileType = file.storyboard; name = Base; path = Base.lproj/Main.storyboard; sourceTree = "<group>"; };
		7E7FC7501F287387003917EA /* Assets.xcassets */ = {isa = PBXFileReference; lastKnownFileType = folder.assetcatalog; path = Assets.xcassets; sourceTree = "<group>"; };
		7E7FC7531F287387003917EA /* Base */ = {isa = PBXFileReference; lastKnownFileType = file.storyboard; name = Base; path = Base.lproj/LaunchScreen.storyboard; sourceTree = "<group>"; };
		7E7FC7551F287387003917EA /* Info.plist */ = {isa = PBXFileReference; lastKnownFileType = text.plist.xml; path = Info.plist; sourceTree = "<group>"; };
		7E7FC75C1F2873C4003917EA /* XZFTableView.h */ = {isa = PBXFileReference; fileEncoding = 4; lastKnownFileType = sourcecode.c.h; path = XZFTableView.h; sourceTree = "<group>"; };
		7E7FC75D1F2873C4003917EA /* XZFTableView.m */ = {isa = PBXFileReference; fileEncoding = 4; lastKnownFileType = sourcecode.c.objc; path = XZFTableView.m; sourceTree = "<group>"; };
		7E7FC75F1F287D06003917EA /* PrefixHeader.pch */ = {isa = PBXFileReference; lastKnownFileType = sourcecode.c.h; path = PrefixHeader.pch; sourceTree = "<group>"; };
		7E7FC7601F288DF1003917EA /* ViewCell.h */ = {isa = PBXFileReference; fileEncoding = 4; lastKnownFileType = sourcecode.c.h; path = ViewCell.h; sourceTree = "<group>"; };
		7E7FC7611F288DF1003917EA /* ViewCell.m */ = {isa = PBXFileReference; fileEncoding = 4; lastKnownFileType = sourcecode.c.objc; path = ViewCell.m; sourceTree = "<group>"; };
		7E7FC7631F29FAC1003917EA /* MyTableViewCell.h */ = {isa = PBXFileReference; fileEncoding = 4; lastKnownFileType = sourcecode.c.h; path = MyTableViewCell.h; sourceTree = "<group>"; };
		7E7FC7641F29FAC1003917EA /* MyTableViewCell.m */ = {isa = PBXFileReference; fileEncoding = 4; lastKnownFileType = sourcecode.c.objc; path = MyTableViewCell.m; sourceTree = "<group>"; };
/* End PBXFileReference section */

/* Begin PBXFrameworksBuildPhase section */
		7E7FC73E1F287387003917EA /* Frameworks */ = {
			isa = PBXFrameworksBuildPhase;
			buildActionMask = 2147483647;
			files = (
			);
			runOnlyForDeploymentPostprocessing = 0;
		};
/* End PBXFrameworksBuildPhase section */

/* Begin PBXGroup section */
		7E7FC7381F287387003917EA = {
			isa = PBXGroup;
			children = (
				7E7FC7431F287387003917EA /* XZFTableView */,
				7E7FC7421F287387003917EA /* Products */,
			);
			sourceTree = "<group>";
		};
		7E7FC7421F287387003917EA /* Products */ = {
			isa = PBXGroup;
			children = (
				7E7FC7411F287387003917EA /* XZFTableView.app */,
			);
			name = Products;
			sourceTree = "<group>";
		};
		7E7FC7431F287387003917EA /* XZFTableView */ = {
			isa = PBXGroup;
			children = (
				7E7FC7471F287387003917EA /* AppDelegate.h */,
				7E7FC7481F287387003917EA /* AppDelegate.m */,
				7E7FC74A1F287387003917EA /* ViewController.h */,
				7E7FC74B1F287387003917EA /* ViewController.m */,
				7E7FC7631F29FAC1003917EA /* MyTableViewCell.h */,
				7E7FC7641F29FAC1003917EA /* MyTableViewCell.m */,
				7E7FC75F1F287D06003917EA /* PrefixHeader.pch */,
				7E7FC75B1F2873A9003917EA /* XZFTableView */,
				7E7FC74D1F287387003917EA /* Main.storyboard */,
				7E7FC7501F287387003917EA /* Assets.xcassets */,
				7E7FC7521F287387003917EA /* LaunchScreen.storyboard */,
				7E7FC7551F287387003917EA /* Info.plist */,
				7E7FC7441F287387003917EA /* Supporting Files */,
			);
			path = XZFTableView;
			sourceTree = "<group>";
		};
		7E7FC7441F287387003917EA /* Supporting Files */ = {
			isa = PBXGroup;
			children = (
				7E7FC7451F287387003917EA /* main.m */,
			);
			name = "Supporting Files";
			sourceTree = "<group>";
		};
		7E7FC75B1F2873A9003917EA /* XZFTableView */ = {
			isa = PBXGroup;
			children = (
				7E7FC75C1F2873C4003917EA /* XZFTableView.h */,
				7E7FC75D1F2873C4003917EA /* XZFTableView.m */,
				7E7FC7601F288DF1003917EA /* ViewCell.h */,
				7E7FC7611F288DF1003917EA /* ViewCell.m */,
			);
			path = XZFTableView;
			sourceTree = "<group>";
		};
/* End PBXGroup section */

/* Begin PBXNativeTarget section */
		7E7FC7401F287387003917EA /* XZFTableView */ = {
			isa = PBXNativeTarget;
			buildConfigurationList = 7E7FC7581F287387003917EA /* Build configuration list for PBXNativeTarget "XZFTableView" */;
			buildPhases = (
				7E7FC73D1F287387003917EA /* Sources */,
				7E7FC73E1F287387003917EA /* Frameworks */,
				7E7FC73F1F287387003917EA /* Resources */,
			);
			buildRules = (
			);
			dependencies = (
			);
			name = XZFTableView;
			productName = XZFTableView;
			productReference = 7E7FC7411F287387003917EA /* XZFTableView.app */;
			productType = "com.apple.product-type.application";
		};
/* End PBXNativeTarget section */

/* Begin PBXProject section */
		7E7FC7391F287387003917EA /* Project object */ = {
			isa = PBXProject;
			attributes = {
				LastUpgradeCheck = 0830;
				ORGANIZATIONNAME = anxindeli;
				TargetAttributes = {
					7E7FC7401F287387003917EA = {
						CreatedOnToolsVersion = 8.3.1;
						DevelopmentTeam = 2WF494FH62;
						ProvisioningStyle = Automatic;
					};
				};
			};
			buildConfigurationList = 7E7FC73C1F287387003917EA /* Build configuration list for PBXProject "XZFTableView" */;
			compatibilityVersion = "Xcode 3.2";
			developmentRegion = English;
			hasScannedForEncodings = 0;
			knownRegions = (
				en,
				Base,
			);
			mainGroup = 7E7FC7381F287387003917EA;
			productRefGroup = 7E7FC7421F287387003917EA /* Products */;
			projectDirPath = "";
			projectRoot = "";
			targets = (
				7E7FC7401F287387003917EA /* XZFTableView */,
			);
		};
/* End PBXProject section */

/* Begin PBXResourcesBuildPhase section */
		7E7FC73F1F287387003917EA /* Resources */ = {
			isa = PBXResourcesBuildPhase;
			buildActionMask = 2147483647;
			files = (
				7E7FC7541F287387003917EA /* LaunchScreen.storyboard in Resources */,
				7E7FC7511F287387003917EA /* Assets.xcassets in Resources */,
				7E7FC74F1F287387003917EA /* Main.storyboard in Resources */,
			);
			runOnlyForDeploymentPostprocessing = 0;
		};
/* End PBXResourcesBuildPhase section */

/* Begin PBXSourcesBuildPhase section */
		7E7FC73D1F287387003917EA /* Sources */ = {
			isa = PBXSourcesBuildPhase;
			buildActionMask = 2147483647;
			files = (
				7E7FC75E1F2873C4003917EA /* XZFTableView.m in Sources */,
				7E7FC74C1F287387003917EA /* ViewController.m in Sources */,
				7E7FC7621F288DF1003917EA /* ViewCell.m in Sources */,
				7E7FC7651F29FAC1003917EA /* MyTableViewCell.m in Sources */,
				7E7FC7491F287387003917EA /* AppDelegate.m in Sources */,
				7E7FC7461F287387003917EA /* main.m in Sources */,
			);
			runOnlyForDeploymentPostprocessing = 0;
		};
/* End PBXSourcesBuildPhase section */

/* Begin PBXVariantGroup section */
		7E7FC74D1F287387003917EA /* Main.storyboard */ = {
			isa = PBXVariantGroup;
			children = (
				7E7FC74E1F287387003917EA /* Base */,
			);
			name = Main.storyboard;
			sourceTree = "<group>";
		};
		7E7FC7521F287387003917EA /* LaunchScreen.storyboard */ = {
			isa = PBXVariantGroup;
			children = (
				7E7FC7531F287387003917EA /* Base */,
			);
			name = LaunchScreen.storyboard;
			sourceTree = "<group>";
		};
/* End PBXVariantGroup section */

/* Begin XCBuildConfiguration section */
		7E7FC7561F287387003917EA /* Debug */ = {
			isa = XCBuildConfiguration;
			buildSettings = {
				ALWAYS_SEARCH_USER_PATHS = NO;
				CLANG_ANALYZER_NONNULL = YES;
				CLANG_ANALYZER_NUMBER_OBJECT_CONVERSION = YES_AGGRESSIVE;
				CLANG_CXX_LANGUAGE_STANDARD = "gnu++0x";
				CLANG_CXX_LIBRARY = "libc++";
				CLANG_ENABLE_MODULES = YES;
				CLANG_ENABLE_OBJC_ARC = YES;
				CLANG_WARN_BOOL_CONVERSION = YES;
				CLANG_WARN_CONSTANT_CONVERSION = YES;
				CLANG_WARN_DIRECT_OBJC_ISA_USAGE = YES_ERROR;
				CLANG_WARN_DOCUMENTATION_COMMENTS = YES;
				CLANG_WARN_EMPTY_BODY = YES;
				CLANG_WARN_ENUM_CONVERSION = YES;
				CLANG_WARN_INFINITE_RECURSION = YES;
				CLANG_WARN_INT_CONVERSION = YES;
				CLANG_WARN_OBJC_ROOT_CLASS = YES_ERROR;
				CLANG_WARN_SUSPICIOUS_MOVE = YES;
				CLANG_WARN_UNREACHABLE_CODE = YES;
				CLANG_WARN__DUPLICATE_METHOD_MATCH = YES;
				"CODE_SIGN_IDENTITY[sdk=iphoneos*]" = "iPhone Developer";
				COPY_PHASE_STRIP = NO;
				DEBUG_INFORMATION_FORMAT = dwarf;
				ENABLE_STRICT_OBJC_MSGSEND = YES;
				ENABLE_TESTABILITY = YES;
				GCC_C_LANGUAGE_STANDARD = gnu99;
				GCC_DYNAMIC_NO_PIC = NO;
				GCC_NO_COMMON_BLOCKS = YES;
				GCC_OPTIMIZATION_LEVEL = 0;
				GCC_PREPROCESSOR_DEFINITIONS = (
					"DEBUG=1",
					"$(inherited)",
				);
				GCC_WARN_64_TO_32_BIT_CONVERSION = YES;
				GCC_WARN_ABOUT_RETURN_TYPE = YES_ERROR;
				GCC_WARN_UNDECLARED_SELECTOR = YES;
				GCC_WARN_UNINITIALIZED_AUTOS = YES_AGGRESSIVE;
				GCC_WARN_UNUSED_FUNCTION = YES;
				GCC_WARN_UNUSED_VARIABLE = YES;
				IPHONEOS_DEPLOYMENT_TARGET = 10.3;
				MTL_ENABLE_DEBUG_INFO = YES;
				ONLY_ACTIVE_ARCH = YES;
				SDKROOT = iphoneos;
			};
			name = Debug;
		};
		7E7FC7571F287387003917EA /* Release */ = {
			isa = XCBuildConfiguration;
			buildSettings = {
				ALWAYS_SEARCH_USER_PATHS = NO;
				CLANG_ANALYZER_NONNULL = YES;
				CLANG_ANALYZER_NUMBER_OBJECT_CONVERSION = YES_AGGRESSIVE;
				CLANG_CXX_LANGUAGE_STANDARD = "gnu++0x";
				CLANG_CXX_LIBRARY = "libc++";
				CLANG_ENABLE_MODULES = YES;
				CLANG_ENABLE_OBJC_ARC = YES;
				CLANG_WARN_BOOL_CONVERSION = YES;
				CLANG_WARN_CONSTANT_CONVERSION = YES;
				CLANG_WARN_DIRECT_OBJC_ISA_USAGE = YES_ERROR;
				CLANG_WARN_DOCUMENTATION_COMMENTS = YES;
				CLANG_WARN_EMPTY_BODY = YES;
				CLANG_WARN_ENUM_CONVERSION = YES;
				CLANG_WARN_INFINITE_RECURSION = YES;
				CLANG_WARN_INT_CONVERSION = YES;
				CLANG_WARN_OBJC_ROOT_CLASS = YES_ERROR;
				CLANG_WARN_SUSPICIOUS_MOVE = YES;
				CLANG_WARN_UNREACHABLE_CODE = YES;
				CLANG_WARN__DUPLICATE_METHOD_MATCH = YES;
				"CODE_SIGN_IDENTITY[sdk=iphoneos*]" = "iPhone Developer";
				COPY_PHASE_STRIP = NO;
				DEBUG_INFORMATION_FORMAT = "dwarf-with-dsym";
				ENABLE_NS_ASSERTIONS = NO;
				ENABLE_STRICT_OBJC_MSGSEND = YES;
				GCC_C_LANGUAGE_STANDARD = gnu99;
				GCC_NO_COMMON_BLOCKS = YES;
				GCC_WARN_64_TO_32_BIT_CONVERSION = YES;
				GCC_WARN_ABOUT_RETURN_TYPE = YES_ERROR;
				GCC_WARN_UNDECLARED_SELECTOR = YES;
				GCC_WARN_UNINITIALIZED_AUTOS = YES_AGGRESSIVE;
				GCC_WARN_UNUSED_FUNCTION = YES;
				GCC_WARN_UNUSED_VARIABLE = YES;
				IPHONEOS_DEPLOYMENT_TARGET = 10.3;
				MTL_ENABLE_DEBUG_INFO = NO;
				SDKROOT = iphoneos;
				VALIDATE_PRODUCT = YES;
			};
			name = Release;
		};
		7E7FC7591F287387003917EA /* Debug */ = {
			isa = XCBuildConfiguration;
			buildSettings = {
				ASSETCATALOG_COMPILER_APPICON_NAME = AppIcon;
				DEVELOPMENT_TEAM = 2WF494FH62;
				GCC_PREFIX_HEADER = "$(SRCROOT)/XZFTableView/PrefixHeader.pch";
				INFOPLIST_FILE = XZFTableView/Info.plist;
				LD_RUNPATH_SEARCH_PATHS = "$(inherited) @executable_path/Frameworks";
				PRODUCT_BUNDLE_IDENTIFIER = anxindeli.XZFTableView;
				PRODUCT_NAME = "$(TARGET_NAME)";
			};
			name = Debug;
		};
		7E7FC75A1F287387003917EA /* Release */ = {
			isa = XCBuildConfiguration;
			buildSettings = {
				ASSETCATALOG_COMPILER_APPICON_NAME = AppIcon;
				DEVELOPMENT_TEAM = 2WF494FH62;
				GCC_PREFIX_HEADER = "$(SRCROOT)/XZFTableView/PrefixHeader.pch";
				INFOPLIST_FILE = XZFTableView/Info.plist;
				LD_RUNPATH_SEARCH_PATHS = "$(inherited) @executable_path/Frameworks";
				PRODUCT_BUNDLE_IDENTIFIER = anxindeli.XZFTableView;
				PRODUCT_NAME = "$(TARGET_NAME)";
			};
			name = Release;
		};
/* End XCBuildConfiguration section */

/* Begin XCConfigurationList section */
		7E7FC73C1F287387003917EA /* Build configuration list for PBXProject "XZFTableView" */ = {
			isa = XCConfigurationList;
			buildConfigurations = (
				7E7FC7561F287387003917EA /* Debug */,
				7E7FC7571F287387003917EA /* Release */,
			);
			defaultConfigurationIsVisible = 0;
			defaultConfigurationName = Release;
		};
		7E7FC7581F287387003917EA /* Build configuration list for PBXNativeTarget "XZFTableView" */ = {
			isa = XCConfigurationList;
			buildConfigurations = (
				7E7FC7591F287387003917EA /* Debug */,
				7E7FC75A1F287387003917EA /* Release */,
			);
			defaultConfigurationIsVisible = 0;
			defaultConfigurationName = Release;
		};
/* End XCConfigurationList section */
	};
	rootObject = 7E7FC7391F287387003917EA /* Project object */;
}
